
Microsoft Visual Studio Solution File, Format Version 12.00
# Visual Studio 14
VisualStudioVersion = 14.0.25420.1
MinimumVisualStudioVersion = 10.0.40219.1
Project("{FAE04EC0-301F-11D3-BF4B-00C04F79EFBC}") = "ZipFileUploader", "ZipFileUploader\ZipFileUploader.csproj", "{E069BEFD-99F4-4ABC-B341-4A4F91465777}"
EndProject
Project("{FAE04EC0-301F-11D3-BF4B-00C04F79EFBC}") = "ZipFileUploader.Core", "ZipFileUploader.Core\ZipFileUploader.Core.csproj", "{F1AB2EA5-46CD-4981-9872-D992D6BEBAB5}"
EndProject
Project("{FAE04EC0-301F-11D3-BF4B-00C04F79EFBC}") = "ZipFileUploader.Business", "ZipFileUploader.Business\ZipFileUploader.Business.csproj", "{FD789994-8B63-4F7B-948B-76178826EE52}"
EndProject
Global
	GlobalSection(SolutionConfigurationPlatforms) = preSolution
		Debug|Any CPU = Debug|Any CPU
		Release|Any CPU = Release|Any CPU
	EndGlobalSection
	GlobalSection(ProjectConfigurationPlatforms) = postSolution
		{E069BEFD-99F4-4ABC-B341-4A4F91465777}.Debug|Any CPU.ActiveCfg = Debug|Any CPU
		{E069BEFD-99F4-4ABC-B341-4A4F91465777}.Debug|Any CPU.Build.0 = Debug|Any CPU
		{E069BEFD-99F4-4ABC-B341-4A4F91465777}.Release|Any CPU.ActiveCfg = Release|Any CPU
		{E069BEFD-99F4-4ABC-B341-4A4F91465777}.Release|Any CPU.Build.0 = Release|Any CPU
		{F1AB2EA5-46CD-4981-9872-D992D6BEBAB5}.Debug|Any CPU.ActiveCfg = Debug|Any CPU
		{F1AB2EA5-46CD-4981-9872-D992D6BEBAB5}.Debug|Any CPU.Build.0 = Debug|Any CPU
		{F1AB2EA5-46CD-4981-9872-D992D6BEBAB5}.Release|Any CPU.ActiveCfg = Release|Any CPU
		{F1AB2EA5-46CD-4981-9872-D992D6BEBAB5}.Release|Any CPU.Build.0 = Release|Any CPU
		{FD789994-8B63-4F7B-948B-76178826EE52}.Debug|Any CPU.ActiveCfg = Debug|Any CPU
		{FD789994-8B63-4F7B-948B-76178826EE52}.Debug|Any CPU.Build.0 = Debug|Any CPU
		{FD789994-8B63-4F7B-948B-76178826EE52}.Release|Any CPU.ActiveCfg = Release|Any CPU
		{FD789994-8B63-4F7B-948B-76178826EE52}.Release|Any CPU.Build.0 = Release|Any CPU
	EndGlobalSection
	GlobalSection(SolutionProperties) = preSolution
		HideSolutionNode = FALSE
	EndGlobalSection
EndGlobal
